
Microsoft Visual Studio Solution File, Format Version 12.00
# Visual Studio 2012
Project("{FAE04EC0-301F-11D3-BF4B-00C04F79EFBC}") = "Immutable", "Immutable\Immutable.csproj", "{7415B0B9-C6C6-45D2-9F9B-994B21A3F037}"
EndProject
Global
	GlobalSection(SolutionConfigurationPlatforms) = preSolution
		Debug|Any CPU = Debug|Any CPU
		Release|Any CPU = Release|Any CPU
	EndGlobalSection
	GlobalSection(ProjectConfigurationPlatforms) = postSolution
		{7415B0B9-C6C6-45D2-9F9B-994B21A3F037}.Debug|Any CPU.ActiveCfg = Debug|Any CPU
		{7415B0B9-C6C6-45D2-9F9B-994B21A3F037}.Debug|Any CPU.Build.0 = Debug|Any CPU
		{7415B0B9-C6C6-45D2-9F9B-994B21A3F037}.Release|Any CPU.ActiveCfg = Release|Any CPU
		{7415B0B9-C6C6-45D2-9F9B-994B21A3F037}.Release|Any CPU.Build.0 = Release|Any CPU
	EndGlobalSection
	GlobalSection(SolutionProperties) = preSolution
		HideSolutionNode = FALSE
	EndGlobalSection
EndGlobal
